
Microsoft Visual Studio Solution File, Format Version 12.00
# Visual Studio 15
VisualStudioVersion = 15.0.26228.4
MinimumVisualStudioVersion = 10.0.40219.1
Project("{FAE04EC0-301F-11D3-BF4B-00C04F79EFBC}") = "scrumSquad", "scrumSquad\scrumSquad.csproj", "{4800EA91-BE8F-4B9F-83ED-BBC609C5C50E}"
EndProject
Project("{FAE04EC0-301F-11D3-BF4B-00C04F79EFBC}") = "scrumSquad.Tests", "scrumSquad.Tests\scrumSquad.Tests.csproj", "{64BCD334-D559-427F-8F5E-41A4DC05939A}"
EndProject
Global
	GlobalSection(SolutionConfigurationPlatforms) = preSolution
		Debug|Any CPU = Debug|Any CPU
		Release|Any CPU = Release|Any CPU
	EndGlobalSection
	GlobalSection(ProjectConfigurationPlatforms) = postSolution
		{4800EA91-BE8F-4B9F-83ED-BBC609C5C50E}.Debug|Any CPU.ActiveCfg = Debug|Any CPU
		{4800EA91-BE8F-4B9F-83ED-BBC609C5C50E}.Debug|Any CPU.Build.0 = Debug|Any CPU
		{4800EA91-BE8F-4B9F-83ED-BBC609C5C50E}.Release|Any CPU.ActiveCfg = Release|Any CPU
		{4800EA91-BE8F-4B9F-83ED-BBC609C5C50E}.Release|Any CPU.Build.0 = Release|Any CPU
		{64BCD334-D559-427F-8F5E-41A4DC05939A}.Debug|Any CPU.ActiveCfg = Debug|Any CPU
		{64BCD334-D559-427F-8F5E-41A4DC05939A}.Debug|Any CPU.Build.0 = Debug|Any CPU
		{64BCD334-D559-427F-8F5E-41A4DC05939A}.Release|Any CPU.ActiveCfg = Release|Any CPU
		{64BCD334-D559-427F-8F5E-41A4DC05939A}.Release|Any CPU.Build.0 = Release|Any CPU
	EndGlobalSection
	GlobalSection(SolutionProperties) = preSolution
		HideSolutionNode = FALSE
	EndGlobalSection
EndGlobal
