
Microsoft Visual Studio Solution File, Format Version 12.00
# Visual Studio 15
VisualStudioVersion = 15.0.26730.16
MinimumVisualStudioVersion = 10.0.40219.1
Project("{FAE04EC0-301F-11D3-BF4B-00C04F79EFBC}") = "scrumsquad", "scrumsquad\scrumsquad.csproj", "{A41998AF-6494-4909-8764-115223BF574B}"
EndProject
Project("{FAE04EC0-301F-11D3-BF4B-00C04F79EFBC}") = "UnitTestProject1", "UnitTestProject1\UnitTestProject1.csproj", "{FB9292DE-4239-4E33-95EE-6822C78928BA}"
EndProject
Global
	GlobalSection(SolutionConfigurationPlatforms) = preSolution
		Debug|Any CPU = Debug|Any CPU
		Release|Any CPU = Release|Any CPU
	EndGlobalSection
	GlobalSection(ProjectConfigurationPlatforms) = postSolution
		{A41998AF-6494-4909-8764-115223BF574B}.Debug|Any CPU.ActiveCfg = Debug|Any CPU
		{A41998AF-6494-4909-8764-115223BF574B}.Debug|Any CPU.Build.0 = Debug|Any CPU
		{A41998AF-6494-4909-8764-115223BF574B}.Release|Any CPU.ActiveCfg = Release|Any CPU
		{A41998AF-6494-4909-8764-115223BF574B}.Release|Any CPU.Build.0 = Release|Any CPU
		{FB9292DE-4239-4E33-95EE-6822C78928BA}.Debug|Any CPU.ActiveCfg = Debug|Any CPU
		{FB9292DE-4239-4E33-95EE-6822C78928BA}.Debug|Any CPU.Build.0 = Debug|Any CPU
		{FB9292DE-4239-4E33-95EE-6822C78928BA}.Release|Any CPU.ActiveCfg = Release|Any CPU
		{FB9292DE-4239-4E33-95EE-6822C78928BA}.Release|Any CPU.Build.0 = Release|Any CPU
	EndGlobalSection
	GlobalSection(SolutionProperties) = preSolution
		HideSolutionNode = FALSE
	EndGlobalSection
	GlobalSection(ExtensibilityGlobals) = postSolution
		SolutionGuid = {B75368CD-187D-4F9F-818F-0575F9ABFD49}
	EndGlobalSection
EndGlobal
